{
    "_readme": [
        "This file locks the dependencies of your project to a known state",
        "Read more about it at https://getcomposer.org/doc/01-basic-usage.md#composer-lock-the-lock-file",
        "This file is @generated automatically"
    ],
    "hash": "98402cadfe540fc7d4faee631d66e581",
    "content-hash": "f7d53e23a4c34c90df8588c748fab430",
    "packages": [
        {
            "name": "composer/installers",
            "version": "v1.0.25",
            "source": {
                "type": "git",
                "url": "https://github.com/composer/installers.git",
                "reference": "36e5b5843203d7f1cf6ffb0305a97e014387bd8e"
            },
            "dist": {
                "type": "zip",
                "url": "https://api.github.com/repos/composer/installers/zipball/36e5b5843203d7f1cf6ffb0305a97e014387bd8e",
                "reference": "36e5b5843203d7f1cf6ffb0305a97e014387bd8e",
                "shasum": ""
            },
            "require": {
                "composer-plugin-api": "^1.0"
            },
            "replace": {
                "roundcube/plugin-installer": "*",
                "shama/baton": "*"
            },
            "require-dev": {
                "composer/composer": "1.0.*@dev",
                "phpunit/phpunit": "4.1.*"
            },
            "type": "composer-plugin",
            "extra": {
                "class": "Composer\\Installers\\Plugin",
                "branch-alias": {
                    "dev-master": "1.0-dev"
                }
            },
            "autoload": {
                "psr-4": {
                    "Composer\\Installers\\": "src/Composer/Installers"
                }
            },
            "notification-url": "https://packagist.org/downloads/",
            "license": [
                "MIT"
            ],
            "authors": [
                {
                    "name": "Kyle Robinson Young",
                    "email": "kyle@dontkry.com",
                    "homepage": "https://github.com/shama"
                }
            ],
            "description": "A multi-framework Composer library installer",
            "homepage": "https://composer.github.io/installers/",
            "keywords": [
                "Craft",
                "Dolibarr",
                "Hurad",
                "ImageCMS",
                "MODX Evo",
                "Mautic",
                "OXID",
                "SMF",
                "Thelia",
                "WolfCMS",
                "agl",
                "aimeos",
                "annotatecms",
                "bitrix",
                "cakephp",
                "chef",
                "codeigniter",
                "concrete5",
                "croogo",
                "dokuwiki",
                "drupal",
                "elgg",
                "fuelphp",
                "grav",
                "installer",
                "joomla",
                "kohana",
                "laravel",
                "lithium",
                "magento",
                "mako",
                "mediawiki",
                "modulework",
                "moodle",
                "phpbb",
                "piwik",
                "ppi",
                "puppet",
                "roundcube",
                "shopware",
                "silverstripe",
                "symfony",
                "typo3",
                "wordpress",
                "zend",
                "zikula"
            ],
            "time": "2016-04-13 19:46:30"
        },
        {
            "name": "data-values/common",
            "version": "0.3.1",
            "source": {
                "type": "git",
                "url": "https://github.com/DataValues/Common.git",
                "reference": "5d9d4bf902427a2a798ca273480f7dad825c72b5"
            },
            "dist": {
                "type": "zip",
                "url": "https://api.github.com/repos/DataValues/Common/zipball/5d9d4bf902427a2a798ca273480f7dad825c72b5",
                "reference": "5d9d4bf902427a2a798ca273480f7dad825c72b5",
                "shasum": ""
            },
            "require": {
                "data-values/data-values": "~1.0|~0.1",
                "data-values/interfaces": "~0.2.0|^0.1.5",
                "php": ">=5.3.0"
            },
            "type": "library",
            "extra": {
                "branch-alias": {
                    "dev-master": "0.3.x-dev"
                }
            },
            "autoload": {
                "files": [
                    "Common.php"
                ],
                "psr-4": {
                    "DataValues\\": "src/DataValues/",
                    "ValueFormatters\\": "src/ValueFormatters/",
                    "ValueParsers\\": "src/ValueParsers/"
                },
                "classmap": [
                    "tests/ValueParsers"
                ]
            },
            "notification-url": "https://packagist.org/downloads/",
            "license": [
                "GPL-2.0+"
            ],
            "authors": [
                {
                    "name": "Jeroen De Dauw",
                    "email": "jeroendedauw@gmail.com",
                    "homepage": "http://jeroendedauw.com",
                    "role": "Developer"
                }
            ],
            "description": "Contains common implementations of the interfaces defined by DataValuesInterfaces",
            "homepage": "https://github.com/DataValues/Common",
            "keywords": [
                "datavalues",
                "valueformatters",
                "valueparsers",
                "valuevalidators",
                "wikidata"
            ],
            "time": "2015-08-14 10:15:07"
        },
        {
            "name": "data-values/data-values",
            "version": "1.0.0",
            "source": {
                "type": "git",
                "url": "https://github.com/DataValues/DataValues.git",
                "reference": "de2b9abdbc26c4c393b25aa621619dfe3fc10fdc"
            },
            "dist": {
                "type": "zip",
                "url": "https://api.github.com/repos/DataValues/DataValues/zipball/de2b9abdbc26c4c393b25aa621619dfe3fc10fdc",
                "reference": "de2b9abdbc26c4c393b25aa621619dfe3fc10fdc",
                "shasum": ""
            },
            "require": {
                "php": ">=5.3.0"
            },
            "replace": {
                "mediawiki/data-values": "*"
            },
            "type": "library",
            "extra": {
                "branch-alias": {
                    "dev-master": "1.0.x-dev"
                }
            },
            "autoload": {
                "files": [
                    "DataValues.php"
                ],
                "classmap": [
                    "src/interfaces",
                    "tests/phpunit/DataValueTest.php"
                ],
                "psr-0": {
                    "DataValues\\": "src/"
                }
            },
            "notification-url": "https://packagist.org/downloads/",
            "license": [
                "GPL-2.0+"
            ],
            "authors": [
                {
                    "name": "Jeroen De Dauw",
                    "email": "jeroendedauw@gmail.com",
                    "homepage": "http://jeroendedauw.com",
                    "role": "Developer"
                }
            ],
            "description": "Defines the DataValue interface and some trivial implementations",
            "homepage": "https://github.com/DataValues/DataValues",
            "keywords": [
                "datavalues",
                "wikibase",
                "wikidata"
            ],
            "time": "2014-09-26 07:02:27"
        },
        {
            "name": "data-values/geo",
            "version": "1.1.7",
            "source": {
                "type": "git",
                "url": "https://github.com/DataValues/Geo.git",
                "reference": "31bc304c5b525f59fa7db047adc583d6b86e3ad9"
            },
            "dist": {
                "type": "zip",
                "url": "https://api.github.com/repos/DataValues/Geo/zipball/31bc304c5b525f59fa7db047adc583d6b86e3ad9",
                "reference": "31bc304c5b525f59fa7db047adc583d6b86e3ad9",
                "shasum": ""
            },
            "require": {
                "data-values/common": "~0.3.0|~0.2.0",
                "data-values/data-values": "~1.0|~0.1",
                "data-values/interfaces": "~0.2.0|~0.1.5",
                "php": ">=5.3.0"
            },
            "type": "library",
            "extra": {
                "branch-alias": {
                    "dev-master": "1.1.x-dev"
                }
            },
            "autoload": {
                "files": [
                    "Geo.php"
                ],
                "psr-4": {
                    "DataValues\\Geo\\": "src"
                }
            },
            "notification-url": "https://packagist.org/downloads/",
            "license": [
                "GPL-2.0+"
            ],
            "authors": [
                {
                    "name": "Jeroen De Dauw",
                    "email": "jeroendedauw@gmail.com",
                    "homepage": "http://jeroendedauw.com",
                    "role": "Developer"
                },
                {
                    "name": "The Wikidata team",
                    "role": "Developer"
                }
            ],
            "description": "Geographical value objects, parsers and formatters",
            "homepage": "https://github.com/DataValues/Geo",
            "keywords": [
                "datavalues",
                "formatters",
                "geo",
                "geographical",
                "latlong",
                "parsers",
                "wikidata"
            ],
            "time": "2016-05-27 15:02:09"
        },
        {
            "name": "data-values/interfaces",
            "version": "0.2.1",
            "source": {
                "type": "git",
                "url": "https://github.com/DataValues/Interfaces.git",
                "reference": "2bed9fff899b3bf9c522497f9bd875f326eb1ef0"
            },
            "dist": {
                "type": "zip",
                "url": "https://api.github.com/repos/DataValues/Interfaces/zipball/2bed9fff899b3bf9c522497f9bd875f326eb1ef0",
                "reference": "2bed9fff899b3bf9c522497f9bd875f326eb1ef0",
                "shasum": ""
            },
            "require": {
                "php": ">=5.3.0"
            },
            "type": "library",
            "autoload": {
                "files": [
                    "Interfaces.php"
                ],
                "psr-4": {
                    "ValueFormatters\\": "src/ValueFormatters/",
                    "ValueParsers\\": "src/ValueParsers/",
                    "ValueValidators\\": "src/ValueValidators/"
                },
                "classmap": [
                    "tests/ValueFormatters/ValueFormatterTestBase.php"
                ]
            },
            "notification-url": "https://packagist.org/downloads/",
            "license": [
                "GPL-2.0+"
            ],
            "authors": [
                {
                    "name": "Jeroen De Dauw",
                    "email": "jeroendedauw@gmail.com",
                    "homepage": "http://jeroendedauw.com",
                    "role": "Developer"
                }
            ],
            "description": "Defines interfaces for ValueParsers, ValueFormatters and ValueValidators",
            "homepage": "https://github.com/DataValues/Interfaces",
            "keywords": [
                "datavalues",
                "valueformatters",
                "valueparsers",
                "valuevalidators",
                "wikidata"
            ],
            "time": "2016-01-13 18:44:31"
        },
        {
            "name": "data-values/validators",
            "version": "0.1.2",
            "source": {
                "type": "git",
                "url": "https://github.com/DataValues/Validators.git",
                "reference": "726f54fdc6bf58aa4f5405ae3d9c3f2b0f916141"
            },
            "dist": {
                "type": "zip",
                "url": "https://api.github.com/repos/DataValues/Validators/zipball/726f54fdc6bf58aa4f5405ae3d9c3f2b0f916141",
                "reference": "726f54fdc6bf58aa4f5405ae3d9c3f2b0f916141",
                "shasum": ""
            },
            "require": {
                "data-values/data-values": "~1.0|~0.1",
                "data-values/interfaces": "~0.1",
                "php": ">=5.3.0"
            },
            "type": "library",
            "extra": {
                "branch-alias": {
                    "dev-master": "0.1.x-dev"
                }
            },
            "autoload": {
                "files": [
                    "Validators.php"
                ],
                "psr-4": {
                    "ValueValidators\\": "src"
                }
            },
            "notification-url": "https://packagist.org/downloads/",
            "license": [
                "GPL-2.0+"
            ],
            "authors": [
                {
                    "name": "Jeroen De Dauw",
                    "email": "jeroendedauw@gmail.com",
                    "homepage": "http://jeroendedauw.com",
                    "role": "Developer"
                },
                {
                    "name": "The Wikidata team",
                    "role": "Developer"
                }
            ],
            "description": "Common ValueValidator implementations",
            "homepage": "https://github.com/DataValues/Validators",
            "keywords": [
                "datavalues",
                "validation",
                "validators",
                "valueformatters",
                "valueparsers",
                "wikidata"
            ],
            "time": "2014-10-09 19:10:23"
        },
        {
            "name": "mediawiki/maps",
            "version": "3.6.0",
            "source": {
                "type": "git",
                "url": "https://github.com/JeroenDeDauw/Maps.git",
                "reference": "fe80bade1878abe7c350fae0b395d3058cf36423"
            },
            "dist": {
                "type": "zip",
                "url": "https://api.github.com/repos/JeroenDeDauw/Maps/zipball/fe80bade1878abe7c350fae0b395d3058cf36423",
                "reference": "fe80bade1878abe7c350fae0b395d3058cf36423",
                "shasum": ""
            },
            "require": {
                "composer/installers": "^1.0.1",
                "data-values/geo": "~1.0",
                "mediawiki/validator": "^2.0.2",
                "php": ">=5.5"
            },
            "require-dev": {
                "data-values/common": "~0.3.1"
            },
            "type": "mediawiki-extension",
            "extra": {
                "branch-alias": {
                    "dev-master": "3.6.x-dev"
                }
            },
            "autoload": {
                "files": [
                    "Maps.php"
                ],
                "psr-4": {
                    "Maps\\": "src/Maps/"
                },
                "classmap": [
                    "includes/",
                    "Maps.hooks.php",
                    "tests/phpunit/elements/",
                    "tests/phpunit/parserhooks/ParserHookTest.php"
                ]
            },
            "notification-url": "https://packagist.org/downloads/",
            "license": [
                "GPL-2.0+"
            ],
            "authors": [
                {
                    "name": "Jeroen De Dauw",
                    "email": "jeroendedauw@gmail.com",
                    "homepage": "http://jeroendedauw.com",
                    "role": "Creator and lead developer"
                }
            ],
            "description": "Adds various mapping features to MediaWiki",
            "homepage": "https://github.com/JeroenDeDauw/Maps",
            "keywords": [
                "OpenLayers",
                "OpenStreetMap",
                "Semantic MediaWiki",
                "google maps",
                "maps",
                "mediawiki",
                "osm"
            ],
            "time": "2016-05-26 15:12:38"
        },
        {
            "name": "mediawiki/validator",
            "version": "2.0.5",
            "source": {
                "type": "git",
                "url": "https://github.com/JeroenDeDauw/Validator.git",
                "reference": "d016211021c2811ad74581c40f169d96928fac8a"
            },
            "dist": {
                "type": "zip",
                "url": "https://api.github.com/repos/JeroenDeDauw/Validator/zipball/d016211021c2811ad74581c40f169d96928fac8a",
                "reference": "d016211021c2811ad74581c40f169d96928fac8a",
                "shasum": ""
            },
            "require": {
                "param-processor/param-processor": "~1.1",
                "php": ">=5.3.0"
            },
            "type": "mediawiki-extension",
            "extra": {
                "branch-alias": {
                    "dev-master": "2.0.x-dev"
                }
            },
            "autoload": {
                "files": [
                    "Validator.php"
                ],
                "psr-4": {
                    "ParamProcessor\\": "src/ParamProcessor/"
                },
                "classmap": [
                    "src/legacy/"
                ]
            },
            "notification-url": "https://packagist.org/downloads/",
            "license": [
                "GPL-2.0+"
            ],
            "authors": [
                {
                    "name": "Jeroen De Dauw",
                    "email": "jeroendedauw@gmail.com",
                    "homepage": "http://jeroendedauw.com",
                    "role": "Developer"
                }
            ],
            "description": "MediaWiki wrapper for the ParamProcessor library",
            "homepage": "https://github.com/JeroenDeDauw/Validator",
            "keywords": [
                "ParamProcessor",
                "SMW",
                "Semantic MediaWiki",
                "mediawiki",
                "validator"
            ],
            "time": "2016-04-04 00:44:24"
        },
        {
            "name": "param-processor/param-processor",
            "version": "1.2.5",
            "source": {
                "type": "git",
                "url": "https://github.com/JeroenDeDauw/ParamProcessor.git",
                "reference": "b5c2b5e02a4a79f6c1b802eb639243d0e9376928"
            },
            "dist": {
                "type": "zip",
                "url": "https://api.github.com/repos/JeroenDeDauw/ParamProcessor/zipball/b5c2b5e02a4a79f6c1b802eb639243d0e9376928",
                "reference": "b5c2b5e02a4a79f6c1b802eb639243d0e9376928",
                "shasum": ""
            },
            "require": {
                "data-values/common": "~0.3.0|~0.2.2",
                "data-values/data-values": "~1.0|~0.1.1",
                "data-values/interfaces": "~0.2.0|~0.1.4",
                "data-values/validators": "~0.1.1",
                "php": ">=5.3.0"
            },
            "type": "library",
            "extra": {
                "branch-alias": {
                    "dev-master": "1.2.x-dev"
                }
            },
            "autoload": {
                "psr-4": {
                    "ParamProcessor\\": "src"
                },
                "classmap": [
                    "tests/phpunit/Definitions/ParamDefinitionTest.php",
                    "tests/phpunit/Definitions/NumericParamTest.php"
                ],
                "files": [
                    "DefaultConfig.php"
                ]
            },
            "notification-url": "https://packagist.org/downloads/",
            "license": [
                "GPL-2.0+"
            ],
            "authors": [
                {
                    "name": "Jeroen De Dauw",
                    "email": "jeroendedauw@gmail.com",
                    "homepage": "http://jeroendedauw.com",
                    "role": "Developer"
                }
            ],
            "description": "Parameter processing library",
            "homepage": "https://github.com/JeroenDeDauw/ParamProcessor",
            "keywords": [
                "ParamProcessor",
                "SMW",
                "Semantic MediaWiki",
                "mediawiki",
                "validator"
            ],
            "time": "2016-05-23 12:39:16"
        }
    ],
    "packages-dev": [],
    "aliases": [],
    "minimum-stability": "stable",
    "stability-flags": [],
    "prefer-stable": false,
    "prefer-lowest": false,
    "platform": [],
    "platform-dev": []
}
